
Microsoft Visual Studio Solution File, Format Version 12.00
# Visual Studio 15
VisualStudioVersion = 15.0.28307.106
MinimumVisualStudioVersion = 10.0.40219.1
Project("{FAE04EC0-301F-11D3-BF4B-00C04F79EFBC}") = "Lab5_PDFReader", "PDFReader\Lab5_PDFReader.csproj", "{3A2AD8F1-9AAE-43B8-A775-C6462AAEA19D}"
EndProject
Global
	GlobalSection(SolutionConfigurationPlatforms) = preSolution
		Debug|Any CPU = Debug|Any CPU
		Release|Any CPU = Release|Any CPU
	EndGlobalSection
	GlobalSection(ProjectConfigurationPlatforms) = postSolution
		{3A2AD8F1-9AAE-43B8-A775-C6462AAEA19D}.Debug|Any CPU.ActiveCfg = Debug|Any CPU
		{3A2AD8F1-9AAE-43B8-A775-C6462AAEA19D}.Debug|Any CPU.Build.0 = Debug|Any CPU
		{3A2AD8F1-9AAE-43B8-A775-C6462AAEA19D}.Release|Any CPU.ActiveCfg = Release|Any CPU
		{3A2AD8F1-9AAE-43B8-A775-C6462AAEA19D}.Release|Any CPU.Build.0 = Release|Any CPU
	EndGlobalSection
	GlobalSection(SolutionProperties) = preSolution
		HideSolutionNode = FALSE
	EndGlobalSection
	GlobalSection(ExtensibilityGlobals) = postSolution
		SolutionGuid = {FCF3D195-58A8-4E04-A2EA-BD9EFB8E0A5C}
	EndGlobalSection
EndGlobal
